
Microsoft Visual Studio Solution File, Format Version 12.00
# Visual Studio Version 16
VisualStudioVersion = 16.0.29509.3
MinimumVisualStudioVersion = 10.0.40219.1
Project("{FAE04EC0-301F-11D3-BF4B-00C04F79EFBC}") = "DemoProject", "DemoProject\DemoProject.csproj", "{2EAA4F95-430E-433E-A901-8EE6A7A23519}"
EndProject
Global
	GlobalSection(SolutionConfigurationPlatforms) = preSolution
		Debug|Any CPU = Debug|Any CPU
		Release|Any CPU = Release|Any CPU
	EndGlobalSection
	GlobalSection(ProjectConfigurationPlatforms) = postSolution
		{2EAA4F95-430E-433E-A901-8EE6A7A23519}.Debug|Any CPU.ActiveCfg = Debug|Any CPU
		{2EAA4F95-430E-433E-A901-8EE6A7A23519}.Debug|Any CPU.Build.0 = Debug|Any CPU
		{2EAA4F95-430E-433E-A901-8EE6A7A23519}.Release|Any CPU.ActiveCfg = Release|Any CPU
		{2EAA4F95-430E-433E-A901-8EE6A7A23519}.Release|Any CPU.Build.0 = Release|Any CPU
	EndGlobalSection
	GlobalSection(SolutionProperties) = preSolution
		HideSolutionNode = FALSE
	EndGlobalSection
	GlobalSection(ExtensibilityGlobals) = postSolution
		SolutionGuid = {B258D4E6-8C5C-488A-A155-55FF0647448F}
	EndGlobalSection
EndGlobal
